{
  "name": "third",
  "version": "1.0.0",
  "lockfileVersion": 3,
  "requires": true,
  "packages": {
    "": {
      "name": "third",
      "version": "1.0.0",
      "license": "ISC",
      "dependencies": {
        "class-transformer": "^0.5.1",
        "lodash": "^4.17.21",
        "reflect-metadata": "^0.2.1"
      },
      "devDependencies": {
        "@types/lodash": "^4.14.202"
      }
    },
    "node_modules/@types/lodash": {
      "version": "4.14.202",
      "resolved": "https://registry.npmjs.org/@types/lodash/-/lodash-4.14.202.tgz",
      "integrity": "sha512-OvlIYQK9tNneDlS0VN54LLd5uiPCBOp7gS5Z0f1mjoJYBrtStzgmJBxONW3U6OZqdtNzZPmn9BS/7WI7BFFcFQ==",
      "dev": true
    },
    "node_modules/class-transformer": {
      "version": "0.5.1",
      "resolved": "https://registry.npmjs.org/class-transformer/-/class-transformer-0.5.1.tgz",
      "integrity": "sha512-SQa1Ws6hUbfC98vKGxZH3KFY0Y1lm5Zm0SY8XX9zbK7FJCyVEac3ATW0RIpwzW+oOfmHE5PMPufDG9hCfoEOMw=="
    },
    "node_modules/lodash": {
      "version": "4.17.21",
      "resolved": "https://registry.npmjs.org/lodash/-/lodash-4.17.21.tgz",
      "integrity": "sha512-v2kDEe57lecTulaDIuNTPy3Ry4gLGJ6Z1O3vE1krgXZNrsQ+LFTGHVxVjcXPs17LhbZVGedAJv8XZ1tvj5FvSg=="
    },
    "node_modules/reflect-metadata": {
      "version": "0.2.1",
      "resolved": "https://registry.npmjs.org/reflect-metadata/-/reflect-metadata-0.2.1.tgz",
      "integrity": "sha512-i5lLI6iw9AU3Uu4szRNPPEkomnkjRTaVt9hy/bn5g/oSzekBSMeLZblcjP74AW0vBabqERLLIrz+gR8QYR54Tw=="
    }
  }
}
